
Microsoft Visual Studio Solution File, Format Version 12.00
# Visual Studio Version 17
VisualStudioVersion = 17.7.34003.232
MinimumVisualStudioVersion = 10.0.40219.1
Project("{9A19103F-16F7-4668-BE54-9A1E7A4F7556}") = "TestProject2", "TestProject2\TestProject2.csproj", "{5695A3E0-CE8E-4F68-974D-4CE14C25403D}"
EndProject
Project("{9A19103F-16F7-4668-BE54-9A1E7A4F7556}") = "MonopolyTestApp", "MonopolyTestApp\MonopolyTestApp.csproj", "{6E9EAC2F-DDD1-4F62-841E-9F9485ACFB77}"
EndProject
Global
	GlobalSection(SolutionConfigurationPlatforms) = preSolution
		Debug|Any CPU = Debug|Any CPU
		Release|Any CPU = Release|Any CPU
	EndGlobalSection
	GlobalSection(ProjectConfigurationPlatforms) = postSolution
		{5695A3E0-CE8E-4F68-974D-4CE14C25403D}.Debug|Any CPU.ActiveCfg = Debug|Any CPU
		{5695A3E0-CE8E-4F68-974D-4CE14C25403D}.Debug|Any CPU.Build.0 = Debug|Any CPU
		{5695A3E0-CE8E-4F68-974D-4CE14C25403D}.Release|Any CPU.ActiveCfg = Release|Any CPU
		{5695A3E0-CE8E-4F68-974D-4CE14C25403D}.Release|Any CPU.Build.0 = Release|Any CPU
		{6E9EAC2F-DDD1-4F62-841E-9F9485ACFB77}.Debug|Any CPU.ActiveCfg = Debug|Any CPU
		{6E9EAC2F-DDD1-4F62-841E-9F9485ACFB77}.Debug|Any CPU.Build.0 = Debug|Any CPU
		{6E9EAC2F-DDD1-4F62-841E-9F9485ACFB77}.Release|Any CPU.ActiveCfg = Release|Any CPU
		{6E9EAC2F-DDD1-4F62-841E-9F9485ACFB77}.Release|Any CPU.Build.0 = Release|Any CPU
	EndGlobalSection
	GlobalSection(SolutionProperties) = preSolution
		HideSolutionNode = FALSE
	EndGlobalSection
	GlobalSection(ExtensibilityGlobals) = postSolution
		SolutionGuid = {89588270-04D6-4C05-9117-D7BFFB0E8C5D}
	EndGlobalSection
EndGlobal
